
Microsoft Visual Studio Solution File, Format Version 11.00
# Visual Studio 2010
Project("{F2A71F9B-5D33-465A-A702-920D77279786}") = "SMT2Parser", "SMT2Parser.fsproj", "{4404BBC5-5CE1-44E2-9C78-CB632C217064}"
EndProject
Project("{F2A71F9B-5D33-465A-A702-920D77279786}") = "SMT2Parser.Tests", "SMT2Parser.Tests.fsproj", "{6B9A2A01-9008-4863-9FD8-17CE633E92A8}"
EndProject
Global
	GlobalSection(SolutionConfigurationPlatforms) = preSolution
		Debug|Any CPU = Debug|Any CPU
		Debug|Mixed Platforms = Debug|Mixed Platforms
		Debug|x64 = Debug|x64
		Debug|x86 = Debug|x86
		Release|Any CPU = Release|Any CPU
		Release|Mixed Platforms = Release|Mixed Platforms
		Release|x64 = Release|x64
		Release|x86 = Release|x86
	EndGlobalSection
	GlobalSection(ProjectConfigurationPlatforms) = postSolution
		{4404BBC5-5CE1-44E2-9C78-CB632C217064}.Debug|Any CPU.ActiveCfg = Debug|Any CPU
		{4404BBC5-5CE1-44E2-9C78-CB632C217064}.Debug|Any CPU.Build.0 = Debug|Any CPU
		{4404BBC5-5CE1-44E2-9C78-CB632C217064}.Debug|Mixed Platforms.ActiveCfg = Debug|Any CPU
		{4404BBC5-5CE1-44E2-9C78-CB632C217064}.Debug|Mixed Platforms.Build.0 = Debug|Any CPU
		{4404BBC5-5CE1-44E2-9C78-CB632C217064}.Debug|x64.ActiveCfg = Debug|x64
		{4404BBC5-5CE1-44E2-9C78-CB632C217064}.Debug|x64.Build.0 = Debug|x64
		{4404BBC5-5CE1-44E2-9C78-CB632C217064}.Debug|x86.ActiveCfg = Debug|Any CPU
		{4404BBC5-5CE1-44E2-9C78-CB632C217064}.Release|Any CPU.ActiveCfg = Release|Any CPU
		{4404BBC5-5CE1-44E2-9C78-CB632C217064}.Release|Any CPU.Build.0 = Release|Any CPU
		{4404BBC5-5CE1-44E2-9C78-CB632C217064}.Release|Mixed Platforms.ActiveCfg = Release|Any CPU
		{4404BBC5-5CE1-44E2-9C78-CB632C217064}.Release|Mixed Platforms.Build.0 = Release|Any CPU
		{4404BBC5-5CE1-44E2-9C78-CB632C217064}.Release|x64.ActiveCfg = Release|x64
		{4404BBC5-5CE1-44E2-9C78-CB632C217064}.Release|x64.Build.0 = Release|x64
		{4404BBC5-5CE1-44E2-9C78-CB632C217064}.Release|x86.ActiveCfg = Release|Any CPU
		{6B9A2A01-9008-4863-9FD8-17CE633E92A8}.Debug|Any CPU.ActiveCfg = Debug|Any CPU
		{6B9A2A01-9008-4863-9FD8-17CE633E92A8}.Debug|Any CPU.Build.0 = Debug|Any CPU
		{6B9A2A01-9008-4863-9FD8-17CE633E92A8}.Debug|Mixed Platforms.ActiveCfg = Debug|x64
		{6B9A2A01-9008-4863-9FD8-17CE633E92A8}.Debug|Mixed Platforms.Build.0 = Debug|x64
		{6B9A2A01-9008-4863-9FD8-17CE633E92A8}.Debug|x64.ActiveCfg = Debug|x64
		{6B9A2A01-9008-4863-9FD8-17CE633E92A8}.Debug|x64.Build.0 = Debug|x64
		{6B9A2A01-9008-4863-9FD8-17CE633E92A8}.Debug|x86.ActiveCfg = Debug|x86
		{6B9A2A01-9008-4863-9FD8-17CE633E92A8}.Debug|x86.Build.0 = Debug|x86
		{6B9A2A01-9008-4863-9FD8-17CE633E92A8}.Release|Any CPU.ActiveCfg = Release|Any CPU
		{6B9A2A01-9008-4863-9FD8-17CE633E92A8}.Release|Any CPU.Build.0 = Release|Any CPU
		{6B9A2A01-9008-4863-9FD8-17CE633E92A8}.Release|Mixed Platforms.ActiveCfg = Release|x64
		{6B9A2A01-9008-4863-9FD8-17CE633E92A8}.Release|Mixed Platforms.Build.0 = Release|x64
		{6B9A2A01-9008-4863-9FD8-17CE633E92A8}.Release|x64.ActiveCfg = Release|x64
		{6B9A2A01-9008-4863-9FD8-17CE633E92A8}.Release|x64.Build.0 = Release|x64
		{6B9A2A01-9008-4863-9FD8-17CE633E92A8}.Release|x86.ActiveCfg = Release|x86
		{6B9A2A01-9008-4863-9FD8-17CE633E92A8}.Release|x86.Build.0 = Release|x86
	EndGlobalSection
	GlobalSection(SolutionProperties) = preSolution
		HideSolutionNode = FALSE
	EndGlobalSection
EndGlobal
